
Microsoft Visual Studio Solution File, Format Version 12.00
# Visual Studio Version 17
VisualStudioVersion = 17.9.34728.123
MinimumVisualStudioVersion = 10.0.40219.1
Project("{FAE04EC0-301F-11D3-BF4B-00C04F79EFBC}") = "PlexBot", "PlexBot.csproj", "{99E7EF57-8378-4A34-A407-551B210B3854}"
EndProject
Global
	GlobalSection(SolutionConfigurationPlatforms) = preSolution
		Debug|Any CPU = Debug|Any CPU
		Release|Any CPU = Release|Any CPU
	EndGlobalSection
	GlobalSection(ProjectConfigurationPlatforms) = postSolution
		{99E7EF57-8378-4A34-A407-551B210B3854}.Debug|Any CPU.ActiveCfg = Debug|Any CPU
		{99E7EF57-8378-4A34-A407-551B210B3854}.Debug|Any CPU.Build.0 = Debug|Any CPU
		{99E7EF57-8378-4A34-A407-551B210B3854}.Release|Any CPU.ActiveCfg = Release|Any CPU
		{99E7EF57-8378-4A34-A407-551B210B3854}.Release|Any CPU.Build.0 = Release|Any CPU
	EndGlobalSection
	GlobalSection(SolutionProperties) = preSolution
		HideSolutionNode = FALSE
	EndGlobalSection
	GlobalSection(ExtensibilityGlobals) = postSolution
		SolutionGuid = {107A6989-9E72-4D0D-98D7-6241EF4F377A}
	EndGlobalSection
EndGlobal
